
Microsoft Visual Studio Solution File, Format Version 12.00
# Visual Studio Version 17
VisualStudioVersion = 17.0.31903.59
MinimumVisualStudioVersion = 10.0.40219.1
Project("{FAE04EC0-301F-11D3-BF4B-00C04F79EFBC}") = "Neo42.PSADTNXT", "Neo42.PSADTNXT\Neo42.PSADTNXT.csproj", "{49825A9D-C804-4A1B-9BC2-DFFBBBD70188}"
EndProject
Project("{FAE04EC0-301F-11D3-BF4B-00C04F79EFBC}") = "Neo42.DeployNxtApplication", "Neo42.DeployNxtApplication\Neo42.DeployNxtApplication.csproj", "{3C0E157F-6FD0-456F-9C3B-33157F6E3662}"
EndProject
Project("{FAE04EC0-301F-11D3-BF4B-00C04F79EFBC}") = "Neo42.PSADTNXT.WinGet", "Neo42.PSADTNXT.WinGet\Neo42.PSADTNXT.WinGet.csproj", "{6CC5345B-8720-42DF-AA12-B5F4E77BA6EF}"
EndProject
Global
	GlobalSection(SolutionConfigurationPlatforms) = preSolution
		Debug|Any CPU = Debug|Any CPU
		Release|Any CPU = Release|Any CPU
	EndGlobalSection
	GlobalSection(SolutionProperties) = preSolution
		HideSolutionNode = FALSE
	EndGlobalSection
	GlobalSection(ProjectConfigurationPlatforms) = postSolution
		{49825A9D-C804-4A1B-9BC2-DFFBBBD70188}.Debug|Any CPU.ActiveCfg = Debug|Any CPU
		{49825A9D-C804-4A1B-9BC2-DFFBBBD70188}.Debug|Any CPU.Build.0 = Debug|Any CPU
		{49825A9D-C804-4A1B-9BC2-DFFBBBD70188}.Release|Any CPU.ActiveCfg = Release|Any CPU
		{49825A9D-C804-4A1B-9BC2-DFFBBBD70188}.Release|Any CPU.Build.0 = Release|Any CPU
		{3C0E157F-6FD0-456F-9C3B-33157F6E3662}.Debug|Any CPU.ActiveCfg = Debug|Any CPU
		{3C0E157F-6FD0-456F-9C3B-33157F6E3662}.Debug|Any CPU.Build.0 = Debug|Any CPU
		{3C0E157F-6FD0-456F-9C3B-33157F6E3662}.Release|Any CPU.ActiveCfg = Release|Any CPU
		{3C0E157F-6FD0-456F-9C3B-33157F6E3662}.Release|Any CPU.Build.0 = Release|Any CPU
		{6CC5345B-8720-42DF-AA12-B5F4E77BA6EF}.Debug|Any CPU.ActiveCfg = Debug|Any CPU
		{6CC5345B-8720-42DF-AA12-B5F4E77BA6EF}.Debug|Any CPU.Build.0 = Debug|Any CPU
		{6CC5345B-8720-42DF-AA12-B5F4E77BA6EF}.Release|Any CPU.ActiveCfg = Release|Any CPU
		{6CC5345B-8720-42DF-AA12-B5F4E77BA6EF}.Release|Any CPU.Build.0 = Release|Any CPU
	EndGlobalSection
EndGlobal
